
Microsoft Visual Studio Solution File, Format Version 12.00
# Visual Studio Version 17
VisualStudioVersion = 17.5.33516.290
MinimumVisualStudioVersion = 10.0.40219.1
Project("{FAE04EC0-301F-11D3-BF4B-00C04F79EFBC}") = "ConsoleApp24", "ConsoleApp24\ConsoleApp24.csproj", "{1229B545-4950-4EF1-94EB-6E20BBAAD5ED}"
EndProject
Global
	GlobalSection(SolutionConfigurationPlatforms) = preSolution
		Debug|Any CPU = Debug|Any CPU
		Release|Any CPU = Release|Any CPU
	EndGlobalSection
	GlobalSection(ProjectConfigurationPlatforms) = postSolution
		{1229B545-4950-4EF1-94EB-6E20BBAAD5ED}.Debug|Any CPU.ActiveCfg = Debug|Any CPU
		{1229B545-4950-4EF1-94EB-6E20BBAAD5ED}.Debug|Any CPU.Build.0 = Debug|Any CPU
		{1229B545-4950-4EF1-94EB-6E20BBAAD5ED}.Release|Any CPU.ActiveCfg = Release|Any CPU
		{1229B545-4950-4EF1-94EB-6E20BBAAD5ED}.Release|Any CPU.Build.0 = Release|Any CPU
	EndGlobalSection
	GlobalSection(SolutionProperties) = preSolution
		HideSolutionNode = FALSE
	EndGlobalSection
	GlobalSection(ExtensibilityGlobals) = postSolution
		SolutionGuid = {4914FA93-28A3-4BAB-8B98-332308567A1E}
	EndGlobalSection
EndGlobal
